
Microsoft Visual Studio Solution File, Format Version 12.00
# Visual Studio 14
VisualStudioVersion = 14.0.23107.0
MinimumVisualStudioVersion = 10.0.40219.1
Project("{FAE04EC0-301F-11D3-BF4B-00C04F79EFBC}") = "Imgix-Dotnet", "Imgix-Dotnet\Imgix-Dotnet.csproj", "{453D0C31-EBE2-4CF8-8E84-FC281EB22D6F}"
EndProject
Project("{FAE04EC0-301F-11D3-BF4B-00C04F79EFBC}") = "Imgix-Dotnet.Tests", "Imgix-Dotnet.Tests\Imgix-Dotnet.Tests.csproj", "{4C0E74E6-3362-4FFA-935D-17855138BEDA}"
EndProject
Global
	GlobalSection(SolutionConfigurationPlatforms) = preSolution
		Debug|Any CPU = Debug|Any CPU
		Release|Any CPU = Release|Any CPU
	EndGlobalSection
	GlobalSection(ProjectConfigurationPlatforms) = postSolution
		{453D0C31-EBE2-4CF8-8E84-FC281EB22D6F}.Debug|Any CPU.ActiveCfg = Debug|Any CPU
		{453D0C31-EBE2-4CF8-8E84-FC281EB22D6F}.Debug|Any CPU.Build.0 = Debug|Any CPU
		{453D0C31-EBE2-4CF8-8E84-FC281EB22D6F}.Release|Any CPU.ActiveCfg = Release|Any CPU
		{453D0C31-EBE2-4CF8-8E84-FC281EB22D6F}.Release|Any CPU.Build.0 = Release|Any CPU
		{4C0E74E6-3362-4FFA-935D-17855138BEDA}.Debug|Any CPU.ActiveCfg = Debug|Any CPU
		{4C0E74E6-3362-4FFA-935D-17855138BEDA}.Debug|Any CPU.Build.0 = Debug|Any CPU
		{4C0E74E6-3362-4FFA-935D-17855138BEDA}.Release|Any CPU.ActiveCfg = Release|Any CPU
		{4C0E74E6-3362-4FFA-935D-17855138BEDA}.Release|Any CPU.Build.0 = Release|Any CPU
	EndGlobalSection
	GlobalSection(SolutionProperties) = preSolution
		HideSolutionNode = FALSE
	EndGlobalSection
EndGlobal
